Microsoft Visual Studio Solution File, Format Version 12.00
# Visual Studio Version 17
VisualStudioVersion = 17.13.35818.85
MinimumVisualStudioVersion = 10.0.40219.1
Project("{FAE04EC0-301F-11D3-BF4B-00C04F79EFBC}") = "Timesheets.AppHost", "Timesheets.AppHost\Timesheets.AppHost.csproj", "{CA89FAFF-B7F2-482B-AE4A-690517D82E40}"
EndProject
Project("{FAE04EC0-301F-11D3-BF4B-00C04F79EFBC}") = "Timesheets.ServiceDefaults", "Timesheets.ServiceDefaults\Timesheets.ServiceDefaults.csproj", "{C98B5E84-1C93-FB7C-217B-B1260E729D2D}"
EndProject
Project("{FAE04EC0-301F-11D3-BF4B-00C04F79EFBC}") = "Timesheets.ApiService", "Timesheets.ApiService\Timesheets.ApiService.csproj", "{C397CC9C-CBE6-8FBB-4843-70D014070DC8}"
EndProject
Project("{FAE04EC0-301F-11D3-BF4B-00C04F79EFBC}") = "Timesheets.Web", "Timesheets.Web\Timesheets.Web.csproj", "{842C2C50-B758-221C-8851-EA9E40F176D9}"
EndProject
Project("{FAE04EC0-301F-11D3-BF4B-00C04F79EFBC}") = "Timesheets.Tests", "Timesheets.Tests\Timesheets.Tests.csproj", "{A85827EE-5DDC-D8B6-8B4A-398230074E6D}"
EndProject
Project("{2150E333-8FDC-42A3-9474-1A3956D46DE8}") = "_Solution Items", "_Solution Items", "{8EC462FD-D22E-90A8-E5CE-7E832BA40C5D}"
	ProjectSection(SolutionItems) = preProject
		.gitattributes = .gitattributes
		.gitignore = .gitignore
		README.md = README.md
	EndProjectSection
EndProject
Project("{2150E333-8FDC-42A3-9474-1A3956D46DE8}") = "TimeAdder", "TimeAdder", "{02EA681E-C7D8-13C7-8484-4AC65E1B71E8}"
EndProject
Project("{2150E333-8FDC-42A3-9474-1A3956D46DE8}") = "Infrastructure", "Infrastructure", "{68370809-4D66-4A2F-8A2B-F4C8E4009B6A}"
EndProject
Project("{2150E333-8FDC-42A3-9474-1A3956D46DE8}") = "AdminViewer", "AdminViewer", "{43352B20-A4D4-4A99-BFC0-619BAF4759A6}"
EndProject
Project("{FAE04EC0-301F-11D3-BF4B-00C04F79EFBC}") = "TimeAdder.Api", "TimeAdder.Api\TimeAdder.Api.csproj", "{6F4CA6B1-8D85-EE7D-57E7-6CA937DAA807}"
EndProject
Project("{FAE04EC0-301F-11D3-BF4B-00C04F79EFBC}") = "TimeAdder.Api.Contracts", "TimeAdder.Api.Contracts\TimeAdder.Api.Contracts.csproj", "{C932347B-0AE0-4E78-B564-ED41A28E3495}"
EndProject
Project("{2150E333-8FDC-42A3-9474-1A3956D46DE8}") = "TimeRecorder", "TimeRecorder", "{B1A82F7A-7DF4-423F-89CB-5001EA213EBC}"
EndProject
Project("{FAE04EC0-301F-11D3-BF4B-00C04F79EFBC}") = "TimeRecorder", "TimeRecorder\TimeRecorder.csproj", "{AC5ADD5A-B5C3-4927-908E-66BA0B680DB8}"
EndProject
Project("{FAE04EC0-301F-11D3-BF4B-00C04F79EFBC}") = "TimeRecorder.Contracts", "TimeRecorder.Contracts\TimeRecorder.Contracts.csproj", "{547E723F-271A-4E91-9A3F-A12B4B12DAA8}"
EndProject
Project("{FAE04EC0-301F-11D3-BF4B-00C04F79EFBC}") = "Messaging.Shared", "Messaging.Shared\Messaging.Shared.csproj", "{86BAA711-FA37-4B84-889C-DB99452EB91A}"
EndProject
Project("{2150E333-8FDC-42A3-9474-1A3956D46DE8}") = "TimeAggregator", "TimeAggregator", "{AE1AA871-96C2-408D-A656-03515355E6CA}"
EndProject
Project("{FAE04EC0-301F-11D3-BF4B-00C04F79EFBC}") = "TimeAggregator", "TimeAggregator\TimeAggregator.csproj", "{6EF15C29-1336-4D67-AB7A-B40C85A673CE}"
EndProject
Global
	GlobalSection(SolutionConfigurationPlatforms) = preSolution
		Debug|Any CPU = Debug|Any CPU
		Release|Any CPU = Release|Any CPU
	EndGlobalSection
	GlobalSection(ProjectConfigurationPlatforms) = postSolution
		{CA89FAFF-B7F2-482B-AE4A-690517D82E40}.Debug|Any CPU.ActiveCfg = Debug|Any CPU
		{CA89FAFF-B7F2-482B-AE4A-690517D82E40}.Debug|Any CPU.Build.0 = Debug|Any CPU
		{CA89FAFF-B7F2-482B-AE4A-690517D82E40}.Release|Any CPU.ActiveCfg = Release|Any CPU
		{CA89FAFF-B7F2-482B-AE4A-690517D82E40}.Release|Any CPU.Build.0 = Release|Any CPU
		{C98B5E84-1C93-FB7C-217B-B1260E729D2D}.Debug|Any CPU.ActiveCfg = Debug|Any CPU
		{C98B5E84-1C93-FB7C-217B-B1260E729D2D}.Debug|Any CPU.Build.0 = Debug|Any CPU
		{C98B5E84-1C93-FB7C-217B-B1260E729D2D}.Release|Any CPU.ActiveCfg = Release|Any CPU
		{C98B5E84-1C93-FB7C-217B-B1260E729D2D}.Release|Any CPU.Build.0 = Release|Any CPU
		{C397CC9C-CBE6-8FBB-4843-70D014070DC8}.Debug|Any CPU.ActiveCfg = Debug|Any CPU
		{C397CC9C-CBE6-8FBB-4843-70D014070DC8}.Debug|Any CPU.Build.0 = Debug|Any CPU
		{C397CC9C-CBE6-8FBB-4843-70D014070DC8}.Release|Any CPU.ActiveCfg = Release|Any CPU
		{C397CC9C-CBE6-8FBB-4843-70D014070DC8}.Release|Any CPU.Build.0 = Release|Any CPU
		{842C2C50-B758-221C-8851-EA9E40F176D9}.Debug|Any CPU.ActiveCfg = Debug|Any CPU
		{842C2C50-B758-221C-8851-EA9E40F176D9}.Debug|Any CPU.Build.0 = Debug|Any CPU
		{842C2C50-B758-221C-8851-EA9E40F176D9}.Release|Any CPU.ActiveCfg = Release|Any CPU
		{842C2C50-B758-221C-8851-EA9E40F176D9}.Release|Any CPU.Build.0 = Release|Any CPU
		{A85827EE-5DDC-D8B6-8B4A-398230074E6D}.Debug|Any CPU.ActiveCfg = Debug|Any CPU
		{A85827EE-5DDC-D8B6-8B4A-398230074E6D}.Debug|Any CPU.Build.0 = Debug|Any CPU
		{A85827EE-5DDC-D8B6-8B4A-398230074E6D}.Release|Any CPU.ActiveCfg = Release|Any CPU
		{A85827EE-5DDC-D8B6-8B4A-398230074E6D}.Release|Any CPU.Build.0 = Release|Any CPU
		{6F4CA6B1-8D85-EE7D-57E7-6CA937DAA807}.Debug|Any CPU.ActiveCfg = Debug|Any CPU
		{6F4CA6B1-8D85-EE7D-57E7-6CA937DAA807}.Debug|Any CPU.Build.0 = Debug|Any CPU
		{6F4CA6B1-8D85-EE7D-57E7-6CA937DAA807}.Release|Any CPU.ActiveCfg = Release|Any CPU
		{6F4CA6B1-8D85-EE7D-57E7-6CA937DAA807}.Release|Any CPU.Build.0 = Release|Any CPU
		{C932347B-0AE0-4E78-B564-ED41A28E3495}.Debug|Any CPU.ActiveCfg = Debug|Any CPU
		{C932347B-0AE0-4E78-B564-ED41A28E3495}.Debug|Any CPU.Build.0 = Debug|Any CPU
		{C932347B-0AE0-4E78-B564-ED41A28E3495}.Release|Any CPU.ActiveCfg = Release|Any CPU
		{C932347B-0AE0-4E78-B564-ED41A28E3495}.Release|Any CPU.Build.0 = Release|Any CPU
		{AC5ADD5A-B5C3-4927-908E-66BA0B680DB8}.Debug|Any CPU.ActiveCfg = Debug|Any CPU
		{AC5ADD5A-B5C3-4927-908E-66BA0B680DB8}.Debug|Any CPU.Build.0 = Debug|Any CPU
		{AC5ADD5A-B5C3-4927-908E-66BA0B680DB8}.Release|Any CPU.ActiveCfg = Release|Any CPU
		{AC5ADD5A-B5C3-4927-908E-66BA0B680DB8}.Release|Any CPU.Build.0 = Release|Any CPU
		{547E723F-271A-4E91-9A3F-A12B4B12DAA8}.Debug|Any CPU.ActiveCfg = Debug|Any CPU
		{547E723F-271A-4E91-9A3F-A12B4B12DAA8}.Debug|Any CPU.Build.0 = Debug|Any CPU
		{547E723F-271A-4E91-9A3F-A12B4B12DAA8}.Release|Any CPU.ActiveCfg = Release|Any CPU
		{547E723F-271A-4E91-9A3F-A12B4B12DAA8}.Release|Any CPU.Build.0 = Release|Any CPU
		{86BAA711-FA37-4B84-889C-DB99452EB91A}.Debug|Any CPU.ActiveCfg = Debug|Any CPU
		{86BAA711-FA37-4B84-889C-DB99452EB91A}.Debug|Any CPU.Build.0 = Debug|Any CPU
		{86BAA711-FA37-4B84-889C-DB99452EB91A}.Release|Any CPU.ActiveCfg = Release|Any CPU
		{86BAA711-FA37-4B84-889C-DB99452EB91A}.Release|Any CPU.Build.0 = Release|Any CPU
		{6EF15C29-1336-4D67-AB7A-B40C85A673CE}.Debug|Any CPU.ActiveCfg = Debug|Any CPU
		{6EF15C29-1336-4D67-AB7A-B40C85A673CE}.Debug|Any CPU.Build.0 = Debug|Any CPU
		{6EF15C29-1336-4D67-AB7A-B40C85A673CE}.Release|Any CPU.ActiveCfg = Release|Any CPU
		{6EF15C29-1336-4D67-AB7A-B40C85A673CE}.Release|Any CPU.Build.0 = Release|Any CPU
	EndGlobalSection
	GlobalSection(SolutionProperties) = preSolution
		HideSolutionNode = FALSE
	EndGlobalSection
	GlobalSection(NestedProjects) = preSolution
		{6F4CA6B1-8D85-EE7D-57E7-6CA937DAA807} = {02EA681E-C7D8-13C7-8484-4AC65E1B71E8}
		{C932347B-0AE0-4E78-B564-ED41A28E3495} = {02EA681E-C7D8-13C7-8484-4AC65E1B71E8}
		{AC5ADD5A-B5C3-4927-908E-66BA0B680DB8} = {B1A82F7A-7DF4-423F-89CB-5001EA213EBC}
		{547E723F-271A-4E91-9A3F-A12B4B12DAA8} = {B1A82F7A-7DF4-423F-89CB-5001EA213EBC}
		{86BAA711-FA37-4B84-889C-DB99452EB91A} = {68370809-4D66-4A2F-8A2B-F4C8E4009B6A}
		{6EF15C29-1336-4D67-AB7A-B40C85A673CE} = {AE1AA871-96C2-408D-A656-03515355E6CA}
	EndGlobalSection
	GlobalSection(ExtensibilityGlobals) = postSolution
		SolutionGuid = {BEF35EDE-1F1B-4955-979A-651F360D9657}
	EndGlobalSection
EndGlobal
