Microsoft Visual Studio Solution File, Format Version 12.00
# Visual Studio Version 17
VisualStudioVersion = 17.13.35818.85
MinimumVisualStudioVersion = 10.0.40219.1
Project("{FAE04EC0-301F-11D3-BF4B-00C04F79EFBC}") = "Timesheets.AppHost", "Timesheets.AppHost\Timesheets.AppHost.csproj", "{CA89FAFF-B7F2-482B-AE4A-690517D82E40}"
EndProject
Project("{FAE04EC0-301F-11D3-BF4B-00C04F79EFBC}") = "Timesheets.ServiceDefaults", "Timesheets.ServiceDefaults\Timesheets.ServiceDefaults.csproj", "{C98B5E84-1C93-FB7C-217B-B1260E729D2D}"
EndProject
Project("{FAE04EC0-301F-11D3-BF4B-00C04F79EFBC}") = "Timesheets.ApiService", "Timesheets.ApiService\Timesheets.ApiService.csproj", "{C397CC9C-CBE6-8FBB-4843-70D014070DC8}"
EndProject
Project("{FAE04EC0-301F-11D3-BF4B-00C04F79EFBC}") = "Timesheets.Web", "Timesheets.Web\Timesheets.Web.csproj", "{842C2C50-B758-221C-8851-EA9E40F176D9}"
EndProject
Project("{FAE04EC0-301F-11D3-BF4B-00C04F79EFBC}") = "Timesheets.Tests", "Timesheets.Tests\Timesheets.Tests.csproj", "{A85827EE-5DDC-D8B6-8B4A-398230074E6D}"
EndProject
Project("{2150E333-8FDC-42A3-9474-1A3956D46DE8}") = "_Solution Items", "_Solution Items", "{8EC462FD-D22E-90A8-E5CE-7E832BA40C5D}"
	ProjectSection(SolutionItems) = preProject
		.gitattributes = .gitattributes
		.gitignore = .gitignore
		README.md = README.md
	EndProjectSection
EndProject
Project("{2150E333-8FDC-42A3-9474-1A3956D46DE8}") = "TimeAdder", "TimeAdder", "{02EA681E-C7D8-13C7-8484-4AC65E1B71E8}"
	ProjectSection(SolutionItems) = preProject
		TimeAdder\README.md = TimeAdder\README.md
	EndProjectSection
EndProject
Project("{2150E333-8FDC-42A3-9474-1A3956D46DE8}") = "Infrastructure", "Infrastructure", "{68370809-4D66-4A2F-8A2B-F4C8E4009B6A}"
	ProjectSection(SolutionItems) = preProject
		Infrastructure\README.md = Infrastructure\README.md
	EndProjectSection
EndProject
Project("{2150E333-8FDC-42A3-9474-1A3956D46DE8}") = "AdminViewer", "AdminViewer", "{43352B20-A4D4-4A99-BFC0-619BAF4759A6}"
EndProject
Project("{2150E333-8FDC-42A3-9474-1A3956D46DE8}") = "TimeRecorder", "TimeRecorder", "{B1A82F7A-7DF4-423F-89CB-5001EA213EBC}"
	ProjectSection(SolutionItems) = preProject
		TimeRecorder\README.md = TimeRecorder\README.md
	EndProjectSection
EndProject
Project("{2150E333-8FDC-42A3-9474-1A3956D46DE8}") = "TimeAggregator", "TimeAggregator", "{AE1AA871-96C2-408D-A656-03515355E6CA}"
	ProjectSection(SolutionItems) = preProject
		TimeAggregator\README.md = TimeAggregator\README.md
	EndProjectSection
EndProject
Project("{2150E333-8FDC-42A3-9474-1A3956D46DE8}") = "_Shared", "_Shared", "{15BFA385-0CEE-4F6D-949E-BD4D23FAAE66}"
EndProject
Project("{FAE04EC0-301F-11D3-BF4B-00C04F79EFBC}") = "TestingUtilities", "_Shared\TestingUtilities\TestingUtilities.csproj", "{87ECC8C7-0A8D-233E-1DCC-1576BBE171E4}"
EndProject
Project("{FAE04EC0-301F-11D3-BF4B-00C04F79EFBC}") = "Timesheets.Globals", "_Shared\Timesheets.Globals\Timesheets.Globals.csproj", "{9223C1A0-0E2A-73DF-D198-3AC40398EDE2}"
EndProject
Project("{FAE04EC0-301F-11D3-BF4B-00C04F79EFBC}") = "Database.MigrationService", "Infrastructure\Database.MigrationService\Database.MigrationService.csproj", "{4E60D408-8CB1-BF64-3012-D54DA6B9CBFA}"
EndProject
Project("{FAE04EC0-301F-11D3-BF4B-00C04F79EFBC}") = "Messaging.Shared", "Infrastructure\Messaging.Shared\Messaging.Shared.csproj", "{B4B9436F-165C-5078-45E2-F5F21933B39C}"
EndProject
Project("{FAE04EC0-301F-11D3-BF4B-00C04F79EFBC}") = "TimeAdder.Api", "TimeAdder\TimeAdder.Api\TimeAdder.Api.csproj", "{5F0039F4-557A-7E57-BC2D-7C8C8AB62179}"
EndProject
Project("{FAE04EC0-301F-11D3-BF4B-00C04F79EFBC}") = "TimeAdder.Api.Contracts", "TimeAdder\TimeAdder.Api.Contracts\TimeAdder.Api.Contracts.csproj", "{3E4A8AB7-8D3D-1954-9438-7C1C50875C47}"
EndProject
Project("{FAE04EC0-301F-11D3-BF4B-00C04F79EFBC}") = "TimeAdder.Api.Tests", "TimeAdder\TimeAdder.Api.Tests\TimeAdder.Api.Tests.csproj", "{38675E87-82B8-45E2-F69D-1CB0826914B9}"
EndProject
Project("{FAE04EC0-301F-11D3-BF4B-00C04F79EFBC}") = "AggregatedTimeDatabase", "TimeAggregator\AggregatedTimeDatabase\AggregatedTimeDatabase.csproj", "{291F035A-3675-F44D-FF01-2136DC226BFB}"
EndProject
Project("{FAE04EC0-301F-11D3-BF4B-00C04F79EFBC}") = "TimeAggregator", "TimeAggregator\TimeAggregator\TimeAggregator.csproj", "{859F731A-0640-6F3F-8E3D-7A498135886A}"
EndProject
Project("{FAE04EC0-301F-11D3-BF4B-00C04F79EFBC}") = "TimeAggregator.Services", "TimeAggregator\TimeAggregator.Services\TimeAggregator.Services.csproj", "{D8F334B2-9ACF-A7D2-C856-B756BC19A988}"
EndProject
Project("{FAE04EC0-301F-11D3-BF4B-00C04F79EFBC}") = "TimeAggregator.Tests", "TimeAggregator\TimeAggregator.Tests\TimeAggregator.Tests.csproj", "{5CB172A7-0C9B-1905-70FD-9ECE8AB0C70A}"
EndProject
Project("{FAE04EC0-301F-11D3-BF4B-00C04F79EFBC}") = "NightlyCleanup", "TimeAggregator\NightlyCleanup\NightlyCleanup.csproj", "{DBBE7B39-D745-D09F-C983-65D9CA073EF8}"
EndProject
Project("{FAE04EC0-301F-11D3-BF4B-00C04F79EFBC}") = "TimeRecorder", "TimeRecorder\TimeRecorder\TimeRecorder.csproj", "{7B267380-6F4F-7CB9-0907-A8C141890FAC}"
EndProject
Project("{FAE04EC0-301F-11D3-BF4B-00C04F79EFBC}") = "RawTimeEntriesDatabase", "TimeRecorder\RawTimeEntriesDatabase\RawTimeEntriesDatabase.csproj", "{CDDD54B3-8159-DBA6-29E9-C8EB306FD88E}"
EndProject
Project("{FAE04EC0-301F-11D3-BF4B-00C04F79EFBC}") = "AdminViewer.Models", "AdminViewer\AdminViewer.Models\AdminViewer.Models.csproj", "{365478EB-D5BC-4388-AB91-CAB5FC7B063A}"
EndProject
Project("{FAE04EC0-301F-11D3-BF4B-00C04F79EFBC}") = "AdminViewer.Tests", "AdminViewer\AdminViewer.Tests\AdminViewer.Tests.csproj", "{8A3D1B2A-ABD9-45F1-9D5C-523430C91445}"
EndProject
Project("{FAE04EC0-301F-11D3-BF4B-00C04F79EFBC}") = "AdminViewer.Api", "AdminViewer\AdminViewer.Api\AdminViewer.Api.csproj", "{97541D29-85BB-5469-8765-75956F087540}"
EndProject
Project("{FAE04EC0-301F-11D3-BF4B-00C04F79EFBC}") = "AdminViewer.Services", "AdminViewer\AdminViewer.Services\AdminViewer.Services.csproj", "{77743708-F182-C961-50B2-1A557A7F7EF8}"
EndProject
Global
	GlobalSection(SolutionConfigurationPlatforms) = preSolution
		Debug|Any CPU = Debug|Any CPU
		Release|Any CPU = Release|Any CPU
	EndGlobalSection
	GlobalSection(ProjectConfigurationPlatforms) = postSolution
		{CA89FAFF-B7F2-482B-AE4A-690517D82E40}.Debug|Any CPU.ActiveCfg = Debug|Any CPU
		{CA89FAFF-B7F2-482B-AE4A-690517D82E40}.Debug|Any CPU.Build.0 = Debug|Any CPU
		{CA89FAFF-B7F2-482B-AE4A-690517D82E40}.Release|Any CPU.ActiveCfg = Release|Any CPU
		{CA89FAFF-B7F2-482B-AE4A-690517D82E40}.Release|Any CPU.Build.0 = Release|Any CPU
		{C98B5E84-1C93-FB7C-217B-B1260E729D2D}.Debug|Any CPU.ActiveCfg = Debug|Any CPU
		{C98B5E84-1C93-FB7C-217B-B1260E729D2D}.Debug|Any CPU.Build.0 = Debug|Any CPU
		{C98B5E84-1C93-FB7C-217B-B1260E729D2D}.Release|Any CPU.ActiveCfg = Release|Any CPU
		{C98B5E84-1C93-FB7C-217B-B1260E729D2D}.Release|Any CPU.Build.0 = Release|Any CPU
		{C397CC9C-CBE6-8FBB-4843-70D014070DC8}.Debug|Any CPU.ActiveCfg = Debug|Any CPU
		{C397CC9C-CBE6-8FBB-4843-70D014070DC8}.Debug|Any CPU.Build.0 = Debug|Any CPU
		{C397CC9C-CBE6-8FBB-4843-70D014070DC8}.Release|Any CPU.ActiveCfg = Release|Any CPU
		{C397CC9C-CBE6-8FBB-4843-70D014070DC8}.Release|Any CPU.Build.0 = Release|Any CPU
		{842C2C50-B758-221C-8851-EA9E40F176D9}.Debug|Any CPU.ActiveCfg = Debug|Any CPU
		{842C2C50-B758-221C-8851-EA9E40F176D9}.Debug|Any CPU.Build.0 = Debug|Any CPU
		{842C2C50-B758-221C-8851-EA9E40F176D9}.Release|Any CPU.ActiveCfg = Release|Any CPU
		{842C2C50-B758-221C-8851-EA9E40F176D9}.Release|Any CPU.Build.0 = Release|Any CPU
		{A85827EE-5DDC-D8B6-8B4A-398230074E6D}.Debug|Any CPU.ActiveCfg = Debug|Any CPU
		{A85827EE-5DDC-D8B6-8B4A-398230074E6D}.Debug|Any CPU.Build.0 = Debug|Any CPU
		{A85827EE-5DDC-D8B6-8B4A-398230074E6D}.Release|Any CPU.ActiveCfg = Release|Any CPU
		{A85827EE-5DDC-D8B6-8B4A-398230074E6D}.Release|Any CPU.Build.0 = Release|Any CPU
		{87ECC8C7-0A8D-233E-1DCC-1576BBE171E4}.Debug|Any CPU.ActiveCfg = Debug|Any CPU
		{87ECC8C7-0A8D-233E-1DCC-1576BBE171E4}.Debug|Any CPU.Build.0 = Debug|Any CPU
		{87ECC8C7-0A8D-233E-1DCC-1576BBE171E4}.Release|Any CPU.ActiveCfg = Release|Any CPU
		{87ECC8C7-0A8D-233E-1DCC-1576BBE171E4}.Release|Any CPU.Build.0 = Release|Any CPU
		{9223C1A0-0E2A-73DF-D198-3AC40398EDE2}.Debug|Any CPU.ActiveCfg = Debug|Any CPU
		{9223C1A0-0E2A-73DF-D198-3AC40398EDE2}.Debug|Any CPU.Build.0 = Debug|Any CPU
		{9223C1A0-0E2A-73DF-D198-3AC40398EDE2}.Release|Any CPU.ActiveCfg = Release|Any CPU
		{9223C1A0-0E2A-73DF-D198-3AC40398EDE2}.Release|Any CPU.Build.0 = Release|Any CPU
		{4E60D408-8CB1-BF64-3012-D54DA6B9CBFA}.Debug|Any CPU.ActiveCfg = Debug|Any CPU
		{4E60D408-8CB1-BF64-3012-D54DA6B9CBFA}.Debug|Any CPU.Build.0 = Debug|Any CPU
		{4E60D408-8CB1-BF64-3012-D54DA6B9CBFA}.Release|Any CPU.ActiveCfg = Release|Any CPU
		{4E60D408-8CB1-BF64-3012-D54DA6B9CBFA}.Release|Any CPU.Build.0 = Release|Any CPU
		{B4B9436F-165C-5078-45E2-F5F21933B39C}.Debug|Any CPU.ActiveCfg = Debug|Any CPU
		{B4B9436F-165C-5078-45E2-F5F21933B39C}.Debug|Any CPU.Build.0 = Debug|Any CPU
		{B4B9436F-165C-5078-45E2-F5F21933B39C}.Release|Any CPU.ActiveCfg = Release|Any CPU
		{B4B9436F-165C-5078-45E2-F5F21933B39C}.Release|Any CPU.Build.0 = Release|Any CPU
		{5F0039F4-557A-7E57-BC2D-7C8C8AB62179}.Debug|Any CPU.ActiveCfg = Debug|Any CPU
		{5F0039F4-557A-7E57-BC2D-7C8C8AB62179}.Debug|Any CPU.Build.0 = Debug|Any CPU
		{5F0039F4-557A-7E57-BC2D-7C8C8AB62179}.Release|Any CPU.ActiveCfg = Release|Any CPU
		{5F0039F4-557A-7E57-BC2D-7C8C8AB62179}.Release|Any CPU.Build.0 = Release|Any CPU
		{3E4A8AB7-8D3D-1954-9438-7C1C50875C47}.Debug|Any CPU.ActiveCfg = Debug|Any CPU
		{3E4A8AB7-8D3D-1954-9438-7C1C50875C47}.Debug|Any CPU.Build.0 = Debug|Any CPU
		{3E4A8AB7-8D3D-1954-9438-7C1C50875C47}.Release|Any CPU.ActiveCfg = Release|Any CPU
		{3E4A8AB7-8D3D-1954-9438-7C1C50875C47}.Release|Any CPU.Build.0 = Release|Any CPU
		{38675E87-82B8-45E2-F69D-1CB0826914B9}.Debug|Any CPU.ActiveCfg = Debug|Any CPU
		{38675E87-82B8-45E2-F69D-1CB0826914B9}.Debug|Any CPU.Build.0 = Debug|Any CPU
		{38675E87-82B8-45E2-F69D-1CB0826914B9}.Release|Any CPU.ActiveCfg = Release|Any CPU
		{38675E87-82B8-45E2-F69D-1CB0826914B9}.Release|Any CPU.Build.0 = Release|Any CPU
		{291F035A-3675-F44D-FF01-2136DC226BFB}.Debug|Any CPU.ActiveCfg = Debug|Any CPU
		{291F035A-3675-F44D-FF01-2136DC226BFB}.Debug|Any CPU.Build.0 = Debug|Any CPU
		{291F035A-3675-F44D-FF01-2136DC226BFB}.Release|Any CPU.ActiveCfg = Release|Any CPU
		{291F035A-3675-F44D-FF01-2136DC226BFB}.Release|Any CPU.Build.0 = Release|Any CPU
		{859F731A-0640-6F3F-8E3D-7A498135886A}.Debug|Any CPU.ActiveCfg = Debug|Any CPU
		{859F731A-0640-6F3F-8E3D-7A498135886A}.Debug|Any CPU.Build.0 = Debug|Any CPU
		{859F731A-0640-6F3F-8E3D-7A498135886A}.Release|Any CPU.ActiveCfg = Release|Any CPU
		{859F731A-0640-6F3F-8E3D-7A498135886A}.Release|Any CPU.Build.0 = Release|Any CPU
		{D8F334B2-9ACF-A7D2-C856-B756BC19A988}.Debug|Any CPU.ActiveCfg = Debug|Any CPU
		{D8F334B2-9ACF-A7D2-C856-B756BC19A988}.Debug|Any CPU.Build.0 = Debug|Any CPU
		{D8F334B2-9ACF-A7D2-C856-B756BC19A988}.Release|Any CPU.ActiveCfg = Release|Any CPU
		{D8F334B2-9ACF-A7D2-C856-B756BC19A988}.Release|Any CPU.Build.0 = Release|Any CPU
		{5CB172A7-0C9B-1905-70FD-9ECE8AB0C70A}.Debug|Any CPU.ActiveCfg = Debug|Any CPU
		{5CB172A7-0C9B-1905-70FD-9ECE8AB0C70A}.Debug|Any CPU.Build.0 = Debug|Any CPU
		{5CB172A7-0C9B-1905-70FD-9ECE8AB0C70A}.Release|Any CPU.ActiveCfg = Release|Any CPU
		{5CB172A7-0C9B-1905-70FD-9ECE8AB0C70A}.Release|Any CPU.Build.0 = Release|Any CPU
		{DBBE7B39-D745-D09F-C983-65D9CA073EF8}.Debug|Any CPU.ActiveCfg = Debug|Any CPU
		{DBBE7B39-D745-D09F-C983-65D9CA073EF8}.Debug|Any CPU.Build.0 = Debug|Any CPU
		{DBBE7B39-D745-D09F-C983-65D9CA073EF8}.Release|Any CPU.ActiveCfg = Release|Any CPU
		{DBBE7B39-D745-D09F-C983-65D9CA073EF8}.Release|Any CPU.Build.0 = Release|Any CPU
		{7B267380-6F4F-7CB9-0907-A8C141890FAC}.Debug|Any CPU.ActiveCfg = Debug|Any CPU
		{7B267380-6F4F-7CB9-0907-A8C141890FAC}.Debug|Any CPU.Build.0 = Debug|Any CPU
		{7B267380-6F4F-7CB9-0907-A8C141890FAC}.Release|Any CPU.ActiveCfg = Release|Any CPU
		{7B267380-6F4F-7CB9-0907-A8C141890FAC}.Release|Any CPU.Build.0 = Release|Any CPU
		{CDDD54B3-8159-DBA6-29E9-C8EB306FD88E}.Debug|Any CPU.ActiveCfg = Debug|Any CPU
		{CDDD54B3-8159-DBA6-29E9-C8EB306FD88E}.Debug|Any CPU.Build.0 = Debug|Any CPU
		{CDDD54B3-8159-DBA6-29E9-C8EB306FD88E}.Release|Any CPU.ActiveCfg = Release|Any CPU
		{CDDD54B3-8159-DBA6-29E9-C8EB306FD88E}.Release|Any CPU.Build.0 = Release|Any CPU
		{365478EB-D5BC-4388-AB91-CAB5FC7B063A}.Debug|Any CPU.ActiveCfg = Debug|Any CPU
		{365478EB-D5BC-4388-AB91-CAB5FC7B063A}.Debug|Any CPU.Build.0 = Debug|Any CPU
		{365478EB-D5BC-4388-AB91-CAB5FC7B063A}.Release|Any CPU.ActiveCfg = Release|Any CPU
		{365478EB-D5BC-4388-AB91-CAB5FC7B063A}.Release|Any CPU.Build.0 = Release|Any CPU
		{8A3D1B2A-ABD9-45F1-9D5C-523430C91445}.Debug|Any CPU.ActiveCfg = Debug|Any CPU
		{8A3D1B2A-ABD9-45F1-9D5C-523430C91445}.Debug|Any CPU.Build.0 = Debug|Any CPU
		{8A3D1B2A-ABD9-45F1-9D5C-523430C91445}.Release|Any CPU.ActiveCfg = Release|Any CPU
		{8A3D1B2A-ABD9-45F1-9D5C-523430C91445}.Release|Any CPU.Build.0 = Release|Any CPU
		{97541D29-85BB-5469-8765-75956F087540}.Debug|Any CPU.ActiveCfg = Debug|Any CPU
		{97541D29-85BB-5469-8765-75956F087540}.Debug|Any CPU.Build.0 = Debug|Any CPU
		{97541D29-85BB-5469-8765-75956F087540}.Release|Any CPU.ActiveCfg = Release|Any CPU
		{97541D29-85BB-5469-8765-75956F087540}.Release|Any CPU.Build.0 = Release|Any CPU
		{77743708-F182-C961-50B2-1A557A7F7EF8}.Debug|Any CPU.ActiveCfg = Debug|Any CPU
		{77743708-F182-C961-50B2-1A557A7F7EF8}.Debug|Any CPU.Build.0 = Debug|Any CPU
		{77743708-F182-C961-50B2-1A557A7F7EF8}.Release|Any CPU.ActiveCfg = Release|Any CPU
		{77743708-F182-C961-50B2-1A557A7F7EF8}.Release|Any CPU.Build.0 = Release|Any CPU
	EndGlobalSection
	GlobalSection(SolutionProperties) = preSolution
		HideSolutionNode = FALSE
	EndGlobalSection
	GlobalSection(NestedProjects) = preSolution
		{87ECC8C7-0A8D-233E-1DCC-1576BBE171E4} = {15BFA385-0CEE-4F6D-949E-BD4D23FAAE66}
		{9223C1A0-0E2A-73DF-D198-3AC40398EDE2} = {15BFA385-0CEE-4F6D-949E-BD4D23FAAE66}
		{4E60D408-8CB1-BF64-3012-D54DA6B9CBFA} = {68370809-4D66-4A2F-8A2B-F4C8E4009B6A}
		{B4B9436F-165C-5078-45E2-F5F21933B39C} = {68370809-4D66-4A2F-8A2B-F4C8E4009B6A}
		{5F0039F4-557A-7E57-BC2D-7C8C8AB62179} = {02EA681E-C7D8-13C7-8484-4AC65E1B71E8}
		{3E4A8AB7-8D3D-1954-9438-7C1C50875C47} = {02EA681E-C7D8-13C7-8484-4AC65E1B71E8}
		{38675E87-82B8-45E2-F69D-1CB0826914B9} = {02EA681E-C7D8-13C7-8484-4AC65E1B71E8}
		{291F035A-3675-F44D-FF01-2136DC226BFB} = {AE1AA871-96C2-408D-A656-03515355E6CA}
		{859F731A-0640-6F3F-8E3D-7A498135886A} = {AE1AA871-96C2-408D-A656-03515355E6CA}
		{D8F334B2-9ACF-A7D2-C856-B756BC19A988} = {AE1AA871-96C2-408D-A656-03515355E6CA}
		{5CB172A7-0C9B-1905-70FD-9ECE8AB0C70A} = {AE1AA871-96C2-408D-A656-03515355E6CA}
		{DBBE7B39-D745-D09F-C983-65D9CA073EF8} = {AE1AA871-96C2-408D-A656-03515355E6CA}
		{7B267380-6F4F-7CB9-0907-A8C141890FAC} = {B1A82F7A-7DF4-423F-89CB-5001EA213EBC}
		{CDDD54B3-8159-DBA6-29E9-C8EB306FD88E} = {B1A82F7A-7DF4-423F-89CB-5001EA213EBC}
		{365478EB-D5BC-4388-AB91-CAB5FC7B063A} = {43352B20-A4D4-4A99-BFC0-619BAF4759A6}
		{8A3D1B2A-ABD9-45F1-9D5C-523430C91445} = {43352B20-A4D4-4A99-BFC0-619BAF4759A6}
		{97541D29-85BB-5469-8765-75956F087540} = {43352B20-A4D4-4A99-BFC0-619BAF4759A6}
		{77743708-F182-C961-50B2-1A557A7F7EF8} = {43352B20-A4D4-4A99-BFC0-619BAF4759A6}
	EndGlobalSection
	GlobalSection(ExtensibilityGlobals) = postSolution
		SolutionGuid = {BEF35EDE-1F1B-4955-979A-651F360D9657}
	EndGlobalSection
EndGlobal
